
Microsoft Visual Studio Solution File, Format Version 12.00
# Visual Studio 14
VisualStudioVersion = 14.0.25420.1
MinimumVisualStudioVersion = 10.0.40219.1
Project("{FAE04EC0-301F-11D3-BF4B-00C04F79EFBC}") = "ShadowverseSwitcher", "ShadowverseSwitcher\ShadowverseSwitcher.csproj", "{B0BA409E-D3C7-416B-BD5D-EF4813D3E680}"
EndProject
Project("{FAE04EC0-301F-11D3-BF4B-00C04F79EFBC}") = "ShadowStalker", "ShadowStalker\ShadowStalker.csproj", "{065D1F16-2C93-416B-A84F-12CCCF36D505}"
EndProject
Project("{FAE04EC0-301F-11D3-BF4B-00C04F79EFBC}") = "ShadowShifter", "ShadowShifter\ShadowShifter.csproj", "{6F130A17-DC3B-4B24-934A-3DA08D98D6A6}"
EndProject
Global
	GlobalSection(SolutionConfigurationPlatforms) = preSolution
		Debug|Any CPU = Debug|Any CPU
		Release|Any CPU = Release|Any CPU
	EndGlobalSection
	GlobalSection(ProjectConfigurationPlatforms) = postSolution
		{B0BA409E-D3C7-416B-BD5D-EF4813D3E680}.Debug|Any CPU.ActiveCfg = Debug|Any CPU
		{B0BA409E-D3C7-416B-BD5D-EF4813D3E680}.Debug|Any CPU.Build.0 = Debug|Any CPU
		{B0BA409E-D3C7-416B-BD5D-EF4813D3E680}.Release|Any CPU.ActiveCfg = Release|Any CPU
		{B0BA409E-D3C7-416B-BD5D-EF4813D3E680}.Release|Any CPU.Build.0 = Release|Any CPU
		{065D1F16-2C93-416B-A84F-12CCCF36D505}.Debug|Any CPU.ActiveCfg = Debug|Any CPU
		{065D1F16-2C93-416B-A84F-12CCCF36D505}.Debug|Any CPU.Build.0 = Debug|Any CPU
		{065D1F16-2C93-416B-A84F-12CCCF36D505}.Release|Any CPU.ActiveCfg = Release|Any CPU
		{065D1F16-2C93-416B-A84F-12CCCF36D505}.Release|Any CPU.Build.0 = Release|Any CPU
		{6F130A17-DC3B-4B24-934A-3DA08D98D6A6}.Debug|Any CPU.ActiveCfg = Debug|Any CPU
		{6F130A17-DC3B-4B24-934A-3DA08D98D6A6}.Debug|Any CPU.Build.0 = Debug|Any CPU
		{6F130A17-DC3B-4B24-934A-3DA08D98D6A6}.Release|Any CPU.ActiveCfg = Release|Any CPU
		{6F130A17-DC3B-4B24-934A-3DA08D98D6A6}.Release|Any CPU.Build.0 = Release|Any CPU
	EndGlobalSection
	GlobalSection(SolutionProperties) = preSolution
		HideSolutionNode = FALSE
	EndGlobalSection
EndGlobal
